
Microsoft Visual Studio Solution File, Format Version 12.00
# Visual Studio 15
Project("{FAE04EC0-301F-11D3-BF4B-00C04F79EFBC}") = "Assembly-CSharp", "Assembly-CSharp.csproj", "{71DDBD02-4264-24ED-595E-882EB06C623A}"
EndProject
Project("{FAE04EC0-301F-11D3-BF4B-00C04F79EFBC}") = "UnityEngine.TestRunner", "UnityEngine.TestRunner.csproj", "{874E9E2D-FCB6-D794-3310-53BD2E8599E5}"
EndProject
Project("{FAE04EC0-301F-11D3-BF4B-00C04F79EFBC}") = "Unity.Mathematics", "Unity.Mathematics.csproj", "{659F3429-9676-956F-A42C-C97017DB52B0}"
EndProject
Project("{FAE04EC0-301F-11D3-BF4B-00C04F79EFBC}") = "Unity.Timeline", "Unity.Timeline.csproj", "{84D7823E-6230-4ED3-40A3-899BDADD106B}"
EndProject
Project("{FAE04EC0-301F-11D3-BF4B-00C04F79EFBC}") = "UnityEngine.UI", "UnityEngine.UI.csproj", "{7007E158-251C-373B-3794-80710F14A8B1}"
EndProject
Project("{FAE04EC0-301F-11D3-BF4B-00C04F79EFBC}") = "Unity.TextMeshPro", "Unity.TextMeshPro.csproj", "{8D69473D-BD2D-E24A-511D-0404C621F38B}"
EndProject
Project("{FAE04EC0-301F-11D3-BF4B-00C04F79EFBC}") = "Unity.2D.Animation.Runtime", "Unity.2D.Animation.Runtime.csproj", "{AD82C22F-5076-350D-A867-DE347242BDBD}"
EndProject
Project("{FAE04EC0-301F-11D3-BF4B-00C04F79EFBC}") = "Unity.2D.IK.Runtime", "Unity.2D.IK.Runtime.csproj", "{E7E8E103-222F-2639-D6EE-73E6E92103E7}"
EndProject
Project("{FAE04EC0-301F-11D3-BF4B-00C04F79EFBC}") = "Unity.2D.SpriteShape.Runtime", "Unity.2D.SpriteShape.Runtime.csproj", "{2640FB8E-7664-0D2C-4189-2294D95F16A1}"
EndProject
Project("{FAE04EC0-301F-11D3-BF4B-00C04F79EFBC}") = "Unity.2D.PixelPerfect", "Unity.2D.PixelPerfect.csproj", "{34DDA696-A53B-709C-7A18-2A24FF724C98}"
EndProject
Project("{FAE04EC0-301F-11D3-BF4B-00C04F79EFBC}") = "Unity.2D.Common.Runtime", "Unity.2D.Common.Runtime.csproj", "{19862A64-2E1D-C2F3-1599-23106E5FE823}"
EndProject
Project("{FAE04EC0-301F-11D3-BF4B-00C04F79EFBC}") = "Unity.InternalAPIEngineBridge.001", "Unity.InternalAPIEngineBridge.001.csproj", "{4AE1687D-7807-22E4-E3AD-951E6FAD2727}"
EndProject
Project("{FAE04EC0-301F-11D3-BF4B-00C04F79EFBC}") = "UnityEditor.TestRunner", "UnityEditor.TestRunner.csproj", "{AE6B79DA-F7AB-8436-80E9-BE455FD16693}"
EndProject
Project("{FAE04EC0-301F-11D3-BF4B-00C04F79EFBC}") = "Unity.PlasticSCM.Editor", "Unity.PlasticSCM.Editor.csproj", "{31EE52D0-4028-401C-F177-071FE82E7DC2}"
EndProject
Project("{FAE04EC0-301F-11D3-BF4B-00C04F79EFBC}") = "Unity.2D.Animation.Triangle.Editor", "Unity.2D.Animation.Triangle.Editor.csproj", "{23D2BCF0-B0E8-D50B-D33A-C277C0A46AF8}"
EndProject
Project("{FAE04EC0-301F-11D3-BF4B-00C04F79EFBC}") = "UnityEditor.UI", "UnityEditor.UI.csproj", "{809D469F-4809-7FC6-8368-88A1E7549200}"
EndProject
Project("{FAE04EC0-301F-11D3-BF4B-00C04F79EFBC}") = "Unity.Services.Core.Editor", "Unity.Services.Core.Editor.csproj", "{91ED101D-B9BF-9D09-D72A-9690CD6F45D0}"
EndProject
Project("{FAE04EC0-301F-11D3-BF4B-00C04F79EFBC}") = "Unity.Timeline.Editor", "Unity.Timeline.Editor.csproj", "{405FF4D9-A6E7-AAB8-175F-C35F0224328F}"
EndProject
Project("{FAE04EC0-301F-11D3-BF4B-00C04F79EFBC}") = "Unity.VisualStudio.Editor", "Unity.VisualStudio.Editor.csproj", "{5473A2A1-4313-5F77-2D04-D97A85A053BC}"
EndProject
Project("{FAE04EC0-301F-11D3-BF4B-00C04F79EFBC}") = "Unity.2D.Psdimporter.Editor", "Unity.2D.Psdimporter.Editor.csproj", "{D150AA35-4795-759B-29FC-593F4A0B3130}"
EndProject
Project("{FAE04EC0-301F-11D3-BF4B-00C04F79EFBC}") = "Unity.2D.Animation.Editor", "Unity.2D.Animation.Editor.csproj", "{0E642B8B-658C-9AD1-F82A-F169EB156C81}"
EndProject
Project("{FAE04EC0-301F-11D3-BF4B-00C04F79EFBC}") = "Unity.TextMeshPro.Editor", "Unity.TextMeshPro.Editor.csproj", "{FF3E5697-5B16-C921-9E36-E83A09E6BAF6}"
EndProject
Project("{FAE04EC0-301F-11D3-BF4B-00C04F79EFBC}") = "Unity.2D.SpriteShape.Editor", "Unity.2D.SpriteShape.Editor.csproj", "{EA90217B-C1C2-8C63-8D3F-2CF729882350}"
EndProject
Project("{FAE04EC0-301F-11D3-BF4B-00C04F79EFBC}") = "Unity.CollabProxy.Editor", "Unity.CollabProxy.Editor.csproj", "{E5CD07BE-839D-8038-E2BD-6FEC42340C54}"
EndProject
Project("{FAE04EC0-301F-11D3-BF4B-00C04F79EFBC}") = "PsdPlugin", "PsdPlugin.csproj", "{187E9A50-92A8-3835-4E7B-4FA84362D009}"
EndProject
Project("{FAE04EC0-301F-11D3-BF4B-00C04F79EFBC}") = "Unity.2D.Path.Editor", "Unity.2D.Path.Editor.csproj", "{9506A885-045A-E199-9DB1-6B39FFF5B2CD}"
EndProject
Project("{FAE04EC0-301F-11D3-BF4B-00C04F79EFBC}") = "Unity.Rider.Editor", "Unity.Rider.Editor.csproj", "{DB09E0CB-3096-47A9-DA3C-3AA70C3609BE}"
EndProject
Project("{FAE04EC0-301F-11D3-BF4B-00C04F79EFBC}") = "Unity.2D.IK.Editor", "Unity.2D.IK.Editor.csproj", "{02CCFB3F-714E-D90C-B8A6-58BB5686FF81}"
EndProject
Project("{FAE04EC0-301F-11D3-BF4B-00C04F79EFBC}") = "Unity.2D.Sprite.Editor", "Unity.2D.Sprite.Editor.csproj", "{5B13F032-827C-FE45-7713-E44CEA584563}"
EndProject
Project("{FAE04EC0-301F-11D3-BF4B-00C04F79EFBC}") = "Unity.2D.Tilemap.Editor", "Unity.2D.Tilemap.Editor.csproj", "{0681B40C-6994-4747-EEB7-D5781530F0BD}"
EndProject
Project("{FAE04EC0-301F-11D3-BF4B-00C04F79EFBC}") = "Unity.2D.PixelPerfect.Editor", "Unity.2D.PixelPerfect.Editor.csproj", "{0976B258-1FC8-F102-6375-E65F50BE9949}"
EndProject
Project("{FAE04EC0-301F-11D3-BF4B-00C04F79EFBC}") = "Unity.VSCode.Editor", "Unity.VSCode.Editor.csproj", "{3A68300A-F8A1-168C-1C69-E66E6E0CFEC1}"
EndProject
Project("{FAE04EC0-301F-11D3-BF4B-00C04F79EFBC}") = "Unity.2D.Common.Editor", "Unity.2D.Common.Editor.csproj", "{68B1A8BC-2546-6D37-9162-F81A8C44AE91}"
EndProject
Project("{FAE04EC0-301F-11D3-BF4B-00C04F79EFBC}") = "Unity.Mathematics.Editor", "Unity.Mathematics.Editor.csproj", "{21962E43-5C83-435B-396B-DA62697AA21D}"
EndProject
Project("{FAE04EC0-301F-11D3-BF4B-00C04F79EFBC}") = "Unity.InternalAPIEditorBridge.001", "Unity.InternalAPIEditorBridge.001.csproj", "{8CC2D9BF-71C8-F82E-71C1-3B471086358D}"
EndProject
Project("{FAE04EC0-301F-11D3-BF4B-00C04F79EFBC}") = "Assembly-CSharp", "Assembly-CSharp.Player.csproj", "{BC1BDC73-E517-79A8-1B41-218A6235C5A7}"
EndProject
Project("{FAE04EC0-301F-11D3-BF4B-00C04F79EFBC}") = "UnityEngine.TestRunner", "UnityEngine.TestRunner.Player.csproj", "{D0EFC2D4-73D8-C4B6-F66D-17B6F43C850B}"
EndProject
Project("{FAE04EC0-301F-11D3-BF4B-00C04F79EFBC}") = "Unity.Mathematics", "Unity.Mathematics.Player.csproj", "{212E77E1-7766-BC9B-BCF8-6FC96AA430A7}"
EndProject
Project("{FAE04EC0-301F-11D3-BF4B-00C04F79EFBC}") = "Unity.Timeline", "Unity.Timeline.Player.csproj", "{0AA6C17D-895F-72CC-97F4-67FD8986038B}"
EndProject
Project("{FAE04EC0-301F-11D3-BF4B-00C04F79EFBC}") = "UnityEngine.UI", "UnityEngine.UI.Player.csproj", "{60F3486F-5431-A1BE-DB0B-714555B22457}"
EndProject
Project("{FAE04EC0-301F-11D3-BF4B-00C04F79EFBC}") = "Unity.TextMeshPro", "Unity.TextMeshPro.Player.csproj", "{5335D70C-828D-E95F-3584-A289AC58ED6A}"
EndProject
Project("{FAE04EC0-301F-11D3-BF4B-00C04F79EFBC}") = "Unity.2D.Animation.Runtime", "Unity.2D.Animation.Runtime.Player.csproj", "{4F2E57E5-EAD2-BDA4-255C-6EB624283E30}"
EndProject
Project("{FAE04EC0-301F-11D3-BF4B-00C04F79EFBC}") = "Unity.2D.IK.Runtime", "Unity.2D.IK.Runtime.Player.csproj", "{906E351A-D8C3-8BDD-C3EB-BA617C3A41C4}"
EndProject
Project("{FAE04EC0-301F-11D3-BF4B-00C04F79EFBC}") = "Unity.2D.SpriteShape.Runtime", "Unity.2D.SpriteShape.Runtime.Player.csproj", "{7582BB46-861F-4F5B-B763-8D877D951E32}"
EndProject
Project("{FAE04EC0-301F-11D3-BF4B-00C04F79EFBC}") = "Unity.2D.PixelPerfect", "Unity.2D.PixelPerfect.Player.csproj", "{6A4A306A-D3BC-1581-3DBD-30955BA3F55E}"
EndProject
Project("{FAE04EC0-301F-11D3-BF4B-00C04F79EFBC}") = "Unity.2D.Common.Runtime", "Unity.2D.Common.Runtime.Player.csproj", "{037D71E1-195E-4831-EA20-2F37592B4953}"
EndProject
Project("{FAE04EC0-301F-11D3-BF4B-00C04F79EFBC}") = "Unity.InternalAPIEngineBridge.001", "Unity.InternalAPIEngineBridge.001.Player.csproj", "{E71B7689-580E-DAFF-BE58-0D4F6394B9E5}"
EndProject
Global
	GlobalSection(SolutionConfigurationPlatforms) = preSolution
		Debug|Any CPU = Debug|Any CPU
		Release|Any CPU = Release|Any CPU
	EndGlobalSection
	GlobalSection(ProjectConfigurationPlatforms) = postSolution
		{71DDBD02-4264-24ED-595E-882EB06C623A}.Debug|Any CPU.ActiveCfg = Debug|Any CPU
		{71DDBD02-4264-24ED-595E-882EB06C623A}.Debug|Any CPU.Build.0 = Debug|Any CPU
		{71DDBD02-4264-24ED-595E-882EB06C623A}.Release|Any CPU.ActiveCfg = Release|Any CPU
		{71DDBD02-4264-24ED-595E-882EB06C623A}.Release|Any CPU.Build.0 = Release|Any CPU
		{874E9E2D-FCB6-D794-3310-53BD2E8599E5}.Debug|Any CPU.ActiveCfg = Debug|Any CPU
		{874E9E2D-FCB6-D794-3310-53BD2E8599E5}.Debug|Any CPU.Build.0 = Debug|Any CPU
		{874E9E2D-FCB6-D794-3310-53BD2E8599E5}.Release|Any CPU.ActiveCfg = Release|Any CPU
		{874E9E2D-FCB6-D794-3310-53BD2E8599E5}.Release|Any CPU.Build.0 = Release|Any CPU
		{659F3429-9676-956F-A42C-C97017DB52B0}.Debug|Any CPU.ActiveCfg = Debug|Any CPU
		{659F3429-9676-956F-A42C-C97017DB52B0}.Debug|Any CPU.Build.0 = Debug|Any CPU
		{659F3429-9676-956F-A42C-C97017DB52B0}.Release|Any CPU.ActiveCfg = Release|Any CPU
		{659F3429-9676-956F-A42C-C97017DB52B0}.Release|Any CPU.Build.0 = Release|Any CPU
		{84D7823E-6230-4ED3-40A3-899BDADD106B}.Debug|Any CPU.ActiveCfg = Debug|Any CPU
		{84D7823E-6230-4ED3-40A3-899BDADD106B}.Debug|Any CPU.Build.0 = Debug|Any CPU
		{84D7823E-6230-4ED3-40A3-899BDADD106B}.Release|Any CPU.ActiveCfg = Release|Any CPU
		{84D7823E-6230-4ED3-40A3-899BDADD106B}.Release|Any CPU.Build.0 = Release|Any CPU
		{7007E158-251C-373B-3794-80710F14A8B1}.Debug|Any CPU.ActiveCfg = Debug|Any CPU
		{7007E158-251C-373B-3794-80710F14A8B1}.Debug|Any CPU.Build.0 = Debug|Any CPU
		{7007E158-251C-373B-3794-80710F14A8B1}.Release|Any CPU.ActiveCfg = Release|Any CPU
		{7007E158-251C-373B-3794-80710F14A8B1}.Release|Any CPU.Build.0 = Release|Any CPU
		{8D69473D-BD2D-E24A-511D-0404C621F38B}.Debug|Any CPU.ActiveCfg = Debug|Any CPU
		{8D69473D-BD2D-E24A-511D-0404C621F38B}.Debug|Any CPU.Build.0 = Debug|Any CPU
		{8D69473D-BD2D-E24A-511D-0404C621F38B}.Release|Any CPU.ActiveCfg = Release|Any CPU
		{8D69473D-BD2D-E24A-511D-0404C621F38B}.Release|Any CPU.Build.0 = Release|Any CPU
		{AD82C22F-5076-350D-A867-DE347242BDBD}.Debug|Any CPU.ActiveCfg = Debug|Any CPU
		{AD82C22F-5076-350D-A867-DE347242BDBD}.Debug|Any CPU.Build.0 = Debug|Any CPU
		{AD82C22F-5076-350D-A867-DE347242BDBD}.Release|Any CPU.ActiveCfg = Release|Any CPU
		{AD82C22F-5076-350D-A867-DE347242BDBD}.Release|Any CPU.Build.0 = Release|Any CPU
		{E7E8E103-222F-2639-D6EE-73E6E92103E7}.Debug|Any CPU.ActiveCfg = Debug|Any CPU
		{E7E8E103-222F-2639-D6EE-73E6E92103E7}.Debug|Any CPU.Build.0 = Debug|Any CPU
		{E7E8E103-222F-2639-D6EE-73E6E92103E7}.Release|Any CPU.ActiveCfg = Release|Any CPU
		{E7E8E103-222F-2639-D6EE-73E6E92103E7}.Release|Any CPU.Build.0 = Release|Any CPU
		{2640FB8E-7664-0D2C-4189-2294D95F16A1}.Debug|Any CPU.ActiveCfg = Debug|Any CPU
		{2640FB8E-7664-0D2C-4189-2294D95F16A1}.Debug|Any CPU.Build.0 = Debug|Any CPU
		{2640FB8E-7664-0D2C-4189-2294D95F16A1}.Release|Any CPU.ActiveCfg = Release|Any CPU
		{2640FB8E-7664-0D2C-4189-2294D95F16A1}.Release|Any CPU.Build.0 = Release|Any CPU
		{34DDA696-A53B-709C-7A18-2A24FF724C98}.Debug|Any CPU.ActiveCfg = Debug|Any CPU
		{34DDA696-A53B-709C-7A18-2A24FF724C98}.Debug|Any CPU.Build.0 = Debug|Any CPU
		{34DDA696-A53B-709C-7A18-2A24FF724C98}.Release|Any CPU.ActiveCfg = Release|Any CPU
		{34DDA696-A53B-709C-7A18-2A24FF724C98}.Release|Any CPU.Build.0 = Release|Any CPU
		{19862A64-2E1D-C2F3-1599-23106E5FE823}.Debug|Any CPU.ActiveCfg = Debug|Any CPU
		{19862A64-2E1D-C2F3-1599-23106E5FE823}.Debug|Any CPU.Build.0 = Debug|Any CPU
		{19862A64-2E1D-C2F3-1599-23106E5FE823}.Release|Any CPU.ActiveCfg = Release|Any CPU
		{19862A64-2E1D-C2F3-1599-23106E5FE823}.Release|Any CPU.Build.0 = Release|Any CPU
		{4AE1687D-7807-22E4-E3AD-951E6FAD2727}.Debug|Any CPU.ActiveCfg = Debug|Any CPU
		{4AE1687D-7807-22E4-E3AD-951E6FAD2727}.Debug|Any CPU.Build.0 = Debug|Any CPU
		{4AE1687D-7807-22E4-E3AD-951E6FAD2727}.Release|Any CPU.ActiveCfg = Release|Any CPU
		{4AE1687D-7807-22E4-E3AD-951E6FAD2727}.Release|Any CPU.Build.0 = Release|Any CPU
		{AE6B79DA-F7AB-8436-80E9-BE455FD16693}.Debug|Any CPU.ActiveCfg = Debug|Any CPU
		{AE6B79DA-F7AB-8436-80E9-BE455FD16693}.Debug|Any CPU.Build.0 = Debug|Any CPU
		{AE6B79DA-F7AB-8436-80E9-BE455FD16693}.Release|Any CPU.ActiveCfg = Release|Any CPU
		{AE6B79DA-F7AB-8436-80E9-BE455FD16693}.Release|Any CPU.Build.0 = Release|Any CPU
		{31EE52D0-4028-401C-F177-071FE82E7DC2}.Debug|Any CPU.ActiveCfg = Debug|Any CPU
		{31EE52D0-4028-401C-F177-071FE82E7DC2}.Debug|Any CPU.Build.0 = Debug|Any CPU
		{31EE52D0-4028-401C-F177-071FE82E7DC2}.Release|Any CPU.ActiveCfg = Release|Any CPU
		{31EE52D0-4028-401C-F177-071FE82E7DC2}.Release|Any CPU.Build.0 = Release|Any CPU
		{23D2BCF0-B0E8-D50B-D33A-C277C0A46AF8}.Debug|Any CPU.ActiveCfg = Debug|Any CPU
		{23D2BCF0-B0E8-D50B-D33A-C277C0A46AF8}.Debug|Any CPU.Build.0 = Debug|Any CPU
		{23D2BCF0-B0E8-D50B-D33A-C277C0A46AF8}.Release|Any CPU.ActiveCfg = Release|Any CPU
		{23D2BCF0-B0E8-D50B-D33A-C277C0A46AF8}.Release|Any CPU.Build.0 = Release|Any CPU
		{809D469F-4809-7FC6-8368-88A1E7549200}.Debug|Any CPU.ActiveCfg = Debug|Any CPU
		{809D469F-4809-7FC6-8368-88A1E7549200}.Debug|Any CPU.Build.0 = Debug|Any CPU
		{809D469F-4809-7FC6-8368-88A1E7549200}.Release|Any CPU.ActiveCfg = Release|Any CPU
		{809D469F-4809-7FC6-8368-88A1E7549200}.Release|Any CPU.Build.0 = Release|Any CPU
		{91ED101D-B9BF-9D09-D72A-9690CD6F45D0}.Debug|Any CPU.ActiveCfg = Debug|Any CPU
		{91ED101D-B9BF-9D09-D72A-9690CD6F45D0}.Debug|Any CPU.Build.0 = Debug|Any CPU
		{91ED101D-B9BF-9D09-D72A-9690CD6F45D0}.Release|Any CPU.ActiveCfg = Release|Any CPU
		{91ED101D-B9BF-9D09-D72A-9690CD6F45D0}.Release|Any CPU.Build.0 = Release|Any CPU
		{405FF4D9-A6E7-AAB8-175F-C35F0224328F}.Debug|Any CPU.ActiveCfg = Debug|Any CPU
		{405FF4D9-A6E7-AAB8-175F-C35F0224328F}.Debug|Any CPU.Build.0 = Debug|Any CPU
		{405FF4D9-A6E7-AAB8-175F-C35F0224328F}.Release|Any CPU.ActiveCfg = Release|Any CPU
		{405FF4D9-A6E7-AAB8-175F-C35F0224328F}.Release|Any CPU.Build.0 = Release|Any CPU
		{5473A2A1-4313-5F77-2D04-D97A85A053BC}.Debug|Any CPU.ActiveCfg = Debug|Any CPU
		{5473A2A1-4313-5F77-2D04-D97A85A053BC}.Debug|Any CPU.Build.0 = Debug|Any CPU
		{5473A2A1-4313-5F77-2D04-D97A85A053BC}.Release|Any CPU.ActiveCfg = Release|Any CPU
		{5473A2A1-4313-5F77-2D04-D97A85A053BC}.Release|Any CPU.Build.0 = Release|Any CPU
		{D150AA35-4795-759B-29FC-593F4A0B3130}.Debug|Any CPU.ActiveCfg = Debug|Any CPU
		{D150AA35-4795-759B-29FC-593F4A0B3130}.Debug|Any CPU.Build.0 = Debug|Any CPU
		{D150AA35-4795-759B-29FC-593F4A0B3130}.Release|Any CPU.ActiveCfg = Release|Any CPU
		{D150AA35-4795-759B-29FC-593F4A0B3130}.Release|Any CPU.Build.0 = Release|Any CPU
		{0E642B8B-658C-9AD1-F82A-F169EB156C81}.Debug|Any CPU.ActiveCfg = Debug|Any CPU
		{0E642B8B-658C-9AD1-F82A-F169EB156C81}.Debug|Any CPU.Build.0 = Debug|Any CPU
		{0E642B8B-658C-9AD1-F82A-F169EB156C81}.Release|Any CPU.ActiveCfg = Release|Any CPU
		{0E642B8B-658C-9AD1-F82A-F169EB156C81}.Release|Any CPU.Build.0 = Release|Any CPU
		{FF3E5697-5B16-C921-9E36-E83A09E6BAF6}.Debug|Any CPU.ActiveCfg = Debug|Any CPU
		{FF3E5697-5B16-C921-9E36-E83A09E6BAF6}.Debug|Any CPU.Build.0 = Debug|Any CPU
		{FF3E5697-5B16-C921-9E36-E83A09E6BAF6}.Release|Any CPU.ActiveCfg = Release|Any CPU
		{FF3E5697-5B16-C921-9E36-E83A09E6BAF6}.Release|Any CPU.Build.0 = Release|Any CPU
		{EA90217B-C1C2-8C63-8D3F-2CF729882350}.Debug|Any CPU.ActiveCfg = Debug|Any CPU
		{EA90217B-C1C2-8C63-8D3F-2CF729882350}.Debug|Any CPU.Build.0 = Debug|Any CPU
		{EA90217B-C1C2-8C63-8D3F-2CF729882350}.Release|Any CPU.ActiveCfg = Release|Any CPU
		{EA90217B-C1C2-8C63-8D3F-2CF729882350}.Release|Any CPU.Build.0 = Release|Any CPU
		{E5CD07BE-839D-8038-E2BD-6FEC42340C54}.Debug|Any CPU.ActiveCfg = Debug|Any CPU
		{E5CD07BE-839D-8038-E2BD-6FEC42340C54}.Debug|Any CPU.Build.0 = Debug|Any CPU
		{E5CD07BE-839D-8038-E2BD-6FEC42340C54}.Release|Any CPU.ActiveCfg = Release|Any CPU
		{E5CD07BE-839D-8038-E2BD-6FEC42340C54}.Release|Any CPU.Build.0 = Release|Any CPU
		{187E9A50-92A8-3835-4E7B-4FA84362D009}.Debug|Any CPU.ActiveCfg = Debug|Any CPU
		{187E9A50-92A8-3835-4E7B-4FA84362D009}.Debug|Any CPU.Build.0 = Debug|Any CPU
		{187E9A50-92A8-3835-4E7B-4FA84362D009}.Release|Any CPU.ActiveCfg = Release|Any CPU
		{187E9A50-92A8-3835-4E7B-4FA84362D009}.Release|Any CPU.Build.0 = Release|Any CPU
		{9506A885-045A-E199-9DB1-6B39FFF5B2CD}.Debug|Any CPU.ActiveCfg = Debug|Any CPU
		{9506A885-045A-E199-9DB1-6B39FFF5B2CD}.Debug|Any CPU.Build.0 = Debug|Any CPU
		{9506A885-045A-E199-9DB1-6B39FFF5B2CD}.Release|Any CPU.ActiveCfg = Release|Any CPU
		{9506A885-045A-E199-9DB1-6B39FFF5B2CD}.Release|Any CPU.Build.0 = Release|Any CPU
		{DB09E0CB-3096-47A9-DA3C-3AA70C3609BE}.Debug|Any CPU.ActiveCfg = Debug|Any CPU
		{DB09E0CB-3096-47A9-DA3C-3AA70C3609BE}.Debug|Any CPU.Build.0 = Debug|Any CPU
		{DB09E0CB-3096-47A9-DA3C-3AA70C3609BE}.Release|Any CPU.ActiveCfg = Release|Any CPU
		{DB09E0CB-3096-47A9-DA3C-3AA70C3609BE}.Release|Any CPU.Build.0 = Release|Any CPU
		{02CCFB3F-714E-D90C-B8A6-58BB5686FF81}.Debug|Any CPU.ActiveCfg = Debug|Any CPU
		{02CCFB3F-714E-D90C-B8A6-58BB5686FF81}.Debug|Any CPU.Build.0 = Debug|Any CPU
		{02CCFB3F-714E-D90C-B8A6-58BB5686FF81}.Release|Any CPU.ActiveCfg = Release|Any CPU
		{02CCFB3F-714E-D90C-B8A6-58BB5686FF81}.Release|Any CPU.Build.0 = Release|Any CPU
		{5B13F032-827C-FE45-7713-E44CEA584563}.Debug|Any CPU.ActiveCfg = Debug|Any CPU
		{5B13F032-827C-FE45-7713-E44CEA584563}.Debug|Any CPU.Build.0 = Debug|Any CPU
		{5B13F032-827C-FE45-7713-E44CEA584563}.Release|Any CPU.ActiveCfg = Release|Any CPU
		{5B13F032-827C-FE45-7713-E44CEA584563}.Release|Any CPU.Build.0 = Release|Any CPU
		{0681B40C-6994-4747-EEB7-D5781530F0BD}.Debug|Any CPU.ActiveCfg = Debug|Any CPU
		{0681B40C-6994-4747-EEB7-D5781530F0BD}.Debug|Any CPU.Build.0 = Debug|Any CPU
		{0681B40C-6994-4747-EEB7-D5781530F0BD}.Release|Any CPU.ActiveCfg = Release|Any CPU
		{0681B40C-6994-4747-EEB7-D5781530F0BD}.Release|Any CPU.Build.0 = Release|Any CPU
		{0976B258-1FC8-F102-6375-E65F50BE9949}.Debug|Any CPU.ActiveCfg = Debug|Any CPU
		{0976B258-1FC8-F102-6375-E65F50BE9949}.Debug|Any CPU.Build.0 = Debug|Any CPU
		{0976B258-1FC8-F102-6375-E65F50BE9949}.Release|Any CPU.ActiveCfg = Release|Any CPU
		{0976B258-1FC8-F102-6375-E65F50BE9949}.Release|Any CPU.Build.0 = Release|Any CPU
		{3A68300A-F8A1-168C-1C69-E66E6E0CFEC1}.Debug|Any CPU.ActiveCfg = Debug|Any CPU
		{3A68300A-F8A1-168C-1C69-E66E6E0CFEC1}.Debug|Any CPU.Build.0 = Debug|Any CPU
		{3A68300A-F8A1-168C-1C69-E66E6E0CFEC1}.Release|Any CPU.ActiveCfg = Release|Any CPU
		{3A68300A-F8A1-168C-1C69-E66E6E0CFEC1}.Release|Any CPU.Build.0 = Release|Any CPU
		{68B1A8BC-2546-6D37-9162-F81A8C44AE91}.Debug|Any CPU.ActiveCfg = Debug|Any CPU
		{68B1A8BC-2546-6D37-9162-F81A8C44AE91}.Debug|Any CPU.Build.0 = Debug|Any CPU
		{68B1A8BC-2546-6D37-9162-F81A8C44AE91}.Release|Any CPU.ActiveCfg = Release|Any CPU
		{68B1A8BC-2546-6D37-9162-F81A8C44AE91}.Release|Any CPU.Build.0 = Release|Any CPU
		{21962E43-5C83-435B-396B-DA62697AA21D}.Debug|Any CPU.ActiveCfg = Debug|Any CPU
		{21962E43-5C83-435B-396B-DA62697AA21D}.Debug|Any CPU.Build.0 = Debug|Any CPU
		{21962E43-5C83-435B-396B-DA62697AA21D}.Release|Any CPU.ActiveCfg = Release|Any CPU
		{21962E43-5C83-435B-396B-DA62697AA21D}.Release|Any CPU.Build.0 = Release|Any CPU
		{8CC2D9BF-71C8-F82E-71C1-3B471086358D}.Debug|Any CPU.ActiveCfg = Debug|Any CPU
		{8CC2D9BF-71C8-F82E-71C1-3B471086358D}.Debug|Any CPU.Build.0 = Debug|Any CPU
		{8CC2D9BF-71C8-F82E-71C1-3B471086358D}.Release|Any CPU.ActiveCfg = Release|Any CPU
		{8CC2D9BF-71C8-F82E-71C1-3B471086358D}.Release|Any CPU.Build.0 = Release|Any CPU
		{BC1BDC73-E517-79A8-1B41-218A6235C5A7}.Debug|Any CPU.ActiveCfg = Debug|Any CPU
		{BC1BDC73-E517-79A8-1B41-218A6235C5A7}.Debug|Any CPU.Build.0 = Debug|Any CPU
		{BC1BDC73-E517-79A8-1B41-218A6235C5A7}.Release|Any CPU.ActiveCfg = Release|Any CPU
		{BC1BDC73-E517-79A8-1B41-218A6235C5A7}.Release|Any CPU.Build.0 = Release|Any CPU
		{D0EFC2D4-73D8-C4B6-F66D-17B6F43C850B}.Debug|Any CPU.ActiveCfg = Debug|Any CPU
		{D0EFC2D4-73D8-C4B6-F66D-17B6F43C850B}.Debug|Any CPU.Build.0 = Debug|Any CPU
		{D0EFC2D4-73D8-C4B6-F66D-17B6F43C850B}.Release|Any CPU.ActiveCfg = Release|Any CPU
		{D0EFC2D4-73D8-C4B6-F66D-17B6F43C850B}.Release|Any CPU.Build.0 = Release|Any CPU
		{212E77E1-7766-BC9B-BCF8-6FC96AA430A7}.Debug|Any CPU.ActiveCfg = Debug|Any CPU
		{212E77E1-7766-BC9B-BCF8-6FC96AA430A7}.Debug|Any CPU.Build.0 = Debug|Any CPU
		{212E77E1-7766-BC9B-BCF8-6FC96AA430A7}.Release|Any CPU.ActiveCfg = Release|Any CPU
		{212E77E1-7766-BC9B-BCF8-6FC96AA430A7}.Release|Any CPU.Build.0 = Release|Any CPU
		{0AA6C17D-895F-72CC-97F4-67FD8986038B}.Debug|Any CPU.ActiveCfg = Debug|Any CPU
		{0AA6C17D-895F-72CC-97F4-67FD8986038B}.Debug|Any CPU.Build.0 = Debug|Any CPU
		{0AA6C17D-895F-72CC-97F4-67FD8986038B}.Release|Any CPU.ActiveCfg = Release|Any CPU
		{0AA6C17D-895F-72CC-97F4-67FD8986038B}.Release|Any CPU.Build.0 = Release|Any CPU
		{60F3486F-5431-A1BE-DB0B-714555B22457}.Debug|Any CPU.ActiveCfg = Debug|Any CPU
		{60F3486F-5431-A1BE-DB0B-714555B22457}.Debug|Any CPU.Build.0 = Debug|Any CPU
		{60F3486F-5431-A1BE-DB0B-714555B22457}.Release|Any CPU.ActiveCfg = Release|Any CPU
		{60F3486F-5431-A1BE-DB0B-714555B22457}.Release|Any CPU.Build.0 = Release|Any CPU
		{5335D70C-828D-E95F-3584-A289AC58ED6A}.Debug|Any CPU.ActiveCfg = Debug|Any CPU
		{5335D70C-828D-E95F-3584-A289AC58ED6A}.Debug|Any CPU.Build.0 = Debug|Any CPU
		{5335D70C-828D-E95F-3584-A289AC58ED6A}.Release|Any CPU.ActiveCfg = Release|Any CPU
		{5335D70C-828D-E95F-3584-A289AC58ED6A}.Release|Any CPU.Build.0 = Release|Any CPU
		{4F2E57E5-EAD2-BDA4-255C-6EB624283E30}.Debug|Any CPU.ActiveCfg = Debug|Any CPU
		{4F2E57E5-EAD2-BDA4-255C-6EB624283E30}.Debug|Any CPU.Build.0 = Debug|Any CPU
		{4F2E57E5-EAD2-BDA4-255C-6EB624283E30}.Release|Any CPU.ActiveCfg = Release|Any CPU
		{4F2E57E5-EAD2-BDA4-255C-6EB624283E30}.Release|Any CPU.Build.0 = Release|Any CPU
		{906E351A-D8C3-8BDD-C3EB-BA617C3A41C4}.Debug|Any CPU.ActiveCfg = Debug|Any CPU
		{906E351A-D8C3-8BDD-C3EB-BA617C3A41C4}.Debug|Any CPU.Build.0 = Debug|Any CPU
		{906E351A-D8C3-8BDD-C3EB-BA617C3A41C4}.Release|Any CPU.ActiveCfg = Release|Any CPU
		{906E351A-D8C3-8BDD-C3EB-BA617C3A41C4}.Release|Any CPU.Build.0 = Release|Any CPU
		{7582BB46-861F-4F5B-B763-8D877D951E32}.Debug|Any CPU.ActiveCfg = Debug|Any CPU
		{7582BB46-861F-4F5B-B763-8D877D951E32}.Debug|Any CPU.Build.0 = Debug|Any CPU
		{7582BB46-861F-4F5B-B763-8D877D951E32}.Release|Any CPU.ActiveCfg = Release|Any CPU
		{7582BB46-861F-4F5B-B763-8D877D951E32}.Release|Any CPU.Build.0 = Release|Any CPU
		{6A4A306A-D3BC-1581-3DBD-30955BA3F55E}.Debug|Any CPU.ActiveCfg = Debug|Any CPU
		{6A4A306A-D3BC-1581-3DBD-30955BA3F55E}.Debug|Any CPU.Build.0 = Debug|Any CPU
		{6A4A306A-D3BC-1581-3DBD-30955BA3F55E}.Release|Any CPU.ActiveCfg = Release|Any CPU
		{6A4A306A-D3BC-1581-3DBD-30955BA3F55E}.Release|Any CPU.Build.0 = Release|Any CPU
		{037D71E1-195E-4831-EA20-2F37592B4953}.Debug|Any CPU.ActiveCfg = Debug|Any CPU
		{037D71E1-195E-4831-EA20-2F37592B4953}.Debug|Any CPU.Build.0 = Debug|Any CPU
		{037D71E1-195E-4831-EA20-2F37592B4953}.Release|Any CPU.ActiveCfg = Release|Any CPU
		{037D71E1-195E-4831-EA20-2F37592B4953}.Release|Any CPU.Build.0 = Release|Any CPU
		{E71B7689-580E-DAFF-BE58-0D4F6394B9E5}.Debug|Any CPU.ActiveCfg = Debug|Any CPU
		{E71B7689-580E-DAFF-BE58-0D4F6394B9E5}.Debug|Any CPU.Build.0 = Debug|Any CPU
		{E71B7689-580E-DAFF-BE58-0D4F6394B9E5}.Release|Any CPU.ActiveCfg = Release|Any CPU
		{E71B7689-580E-DAFF-BE58-0D4F6394B9E5}.Release|Any CPU.Build.0 = Release|Any CPU
	EndGlobalSection
	GlobalSection(SolutionProperties) = preSolution
		HideSolutionNode = FALSE
	EndGlobalSection
EndGlobal
